// !$*UTF8*$!
{
	archiveVersion = 1;
	classes = {
	};
	objectVersion = 50;
	objects = {

/* Begin PBXBuildFile section */
		F624F12B225F6F4E00AFFEC0 /* DensityDataAPI.framework in Frameworks */ = {isa = PBXBuildFile; fileRef = F624F12A225F6F4E00AFFEC0 /* DensityDataAPI.framework */; };
		F624F12D225F6F5700AFFEC0 /* DensityDataAPI.framework in Embed Frameworks */ = {isa = PBXBuildFile; fileRef = F624F12A225F6F4E00AFFEC0 /* DensityDataAPI.framework */; settings = {ATTRIBUTES = (CodeSignOnCopy, RemoveHeadersOnCopy, ); }; };
		F633A5EA225F4B4200A230BB /* AppDelegate.swift in Sources */ = {isa = PBXBuildFile; fileRef = F633A5E9225F4B4200A230BB /* AppDelegate.swift */; };
		F633A5EC225F4B4200A230BB /* ViewController.swift in Sources */ = {isa = PBXBuildFile; fileRef = F633A5EB225F4B4200A230BB /* ViewController.swift */; };
		F633A5F1225F4B4200A230BB /* Assets.xcassets in Resources */ = {isa = PBXBuildFile; fileRef = F633A5F0225F4B4200A230BB /* Assets.xcassets */; };
		F633A5F4225F4B4200A230BB /* LaunchScreen.storyboard in Resources */ = {isa = PBXBuildFile; fileRef = F633A5F2225F4B4200A230BB /* LaunchScreen.storyboard */; };
		F633A5FF225F4B4200A230BB /* DataGridViewModelTests.swift in Sources */ = {isa = PBXBuildFile; fileRef = F633A5FE225F4B4200A230BB /* DataGridViewModelTests.swift */; };
		F633A60A225F4BAF00A230BB /* README.md in Resources */ = {isa = PBXBuildFile; fileRef = F633A609225F4BAE00A230BB /* README.md */; };
		F68C07CB225F52AD00B54F6A /* DataGridViewModel.swift in Sources */ = {isa = PBXBuildFile; fileRef = F68C07CA225F52AD00B54F6A /* DataGridViewModel.swift */; };
		F68C07CD225F535C00B54F6A /* API.swift in Sources */ = {isa = PBXBuildFile; fileRef = F68C07CC225F535C00B54F6A /* API.swift */; };
		F68C07CF225F586D00B54F6A /* MockAPIClient.swift in Sources */ = {isa = PBXBuildFile; fileRef = F68C07CE225F586D00B54F6A /* MockAPIClient.swift */; };
		F68E15072260080B00AFA68E /* API+DensityData.swift in Sources */ = {isa = PBXBuildFile; fileRef = F68E15062260080B00AFA68E /* API+DensityData.swift */; };
		F68E15092260113600AFA68E /* GridView.swift in Sources */ = {isa = PBXBuildFile; fileRef = F68E15082260113600AFA68E /* GridView.swift */; };
		F68E150B2260171400AFA68E /* UIView+Extensions.swift in Sources */ = {isa = PBXBuildFile; fileRef = F68E150A2260171400AFA68E /* UIView+Extensions.swift */; };
		F68E15112260292400AFA68E /* DataProcessor.swift in Sources */ = {isa = PBXBuildFile; fileRef = F68E15102260292400AFA68E /* DataProcessor.swift */; };
		F68E15152260494800AFA68E /* DataProcessorTests.swift in Sources */ = {isa = PBXBuildFile; fileRef = F68E15142260494800AFA68E /* DataProcessorTests.swift */; };
		F68E151622604DEF00AFA68E /* DensityDataAPI.framework in Frameworks */ = {isa = PBXBuildFile; fileRef = F624F12A225F6F4E00AFFEC0 /* DensityDataAPI.framework */; };
/* End PBXBuildFile section */

/* Begin PBXContainerItemProxy section */
		F633A5FB225F4B4200A230BB /* PBXContainerItemProxy */ = {
			isa = PBXContainerItemProxy;
			containerPortal = F633A5DE225F4B4200A230BB /* Project object */;
			proxyType = 1;
			remoteGlobalIDString = F633A5E5225F4B4200A230BB;
			remoteInfo = DensityData;
		};
/* End PBXContainerItemProxy section */

/* Begin PBXCopyFilesBuildPhase section */
		F68C07D5225F6B0A00B54F6A /* Embed Frameworks */ = {
			isa = PBXCopyFilesBuildPhase;
			buildActionMask = 2147483647;
			dstPath = "";
			dstSubfolderSpec = 10;
			files = (
				F624F12D225F6F5700AFFEC0 /* DensityDataAPI.framework in Embed Frameworks */,
			);
			name = "Embed Frameworks";
			runOnlyForDeploymentPostprocessing = 0;
		};
/* End PBXCopyFilesBuildPhase section */

/* Begin PBXFileReference section */
		F624F12A225F6F4E00AFFEC0 /* DensityDataAPI.framework */ = {isa = PBXFileReference; lastKnownFileType = wrapper.framework; path = DensityDataAPI.framework; sourceTree = "<group>"; };
		F633A5E6225F4B4200A230BB /* DensityData.app */ = {isa = PBXFileReference; explicitFileType = wrapper.application; includeInIndex = 0; path = DensityData.app; sourceTree = BUILT_PRODUCTS_DIR; };
		F633A5E9225F4B4200A230BB /* AppDelegate.swift */ = {isa = PBXFileReference; lastKnownFileType = sourcecode.swift; path = AppDelegate.swift; sourceTree = "<group>"; };
		F633A5EB225F4B4200A230BB /* ViewController.swift */ = {isa = PBXFileReference; lastKnownFileType = sourcecode.swift; path = ViewController.swift; sourceTree = "<group>"; };
		F633A5F0225F4B4200A230BB /* Assets.xcassets */ = {isa = PBXFileReference; lastKnownFileType = folder.assetcatalog; path = Assets.xcassets; sourceTree = "<group>"; };
		F633A5F3225F4B4200A230BB /* Base */ = {isa = PBXFileReference; lastKnownFileType = file.storyboard; name = Base; path = Base.lproj/LaunchScreen.storyboard; sourceTree = "<group>"; };
		F633A5F5225F4B4200A230BB /* Info.plist */ = {isa = PBXFileReference; lastKnownFileType = text.plist.xml; path = Info.plist; sourceTree = "<group>"; };
		F633A5FA225F4B4200A230BB /* DensityDataTests.xctest */ = {isa = PBXFileReference; explicitFileType = wrapper.cfbundle; includeInIndex = 0; path = DensityDataTests.xctest; sourceTree = BUILT_PRODUCTS_DIR; };
		F633A5FE225F4B4200A230BB /* DataGridViewModelTests.swift */ = {isa = PBXFileReference; lastKnownFileType = sourcecode.swift; path = DataGridViewModelTests.swift; sourceTree = "<group>"; };
		F633A600225F4B4200A230BB /* Info.plist */ = {isa = PBXFileReference; lastKnownFileType = text.plist.xml; path = Info.plist; sourceTree = "<group>"; };
		F633A609225F4BAE00A230BB /* README.md */ = {isa = PBXFileReference; fileEncoding = 4; lastKnownFileType = net.daringfireball.markdown; path = README.md; sourceTree = "<group>"; };
		F68C07CA225F52AD00B54F6A /* DataGridViewModel.swift */ = {isa = PBXFileReference; lastKnownFileType = sourcecode.swift; path = DataGridViewModel.swift; sourceTree = "<group>"; };
		F68C07CC225F535C00B54F6A /* API.swift */ = {isa = PBXFileReference; lastKnownFileType = sourcecode.swift; path = API.swift; sourceTree = "<group>"; };
		F68C07CE225F586D00B54F6A /* MockAPIClient.swift */ = {isa = PBXFileReference; lastKnownFileType = sourcecode.swift; path = MockAPIClient.swift; sourceTree = "<group>"; };
		F68E15062260080B00AFA68E /* API+DensityData.swift */ = {isa = PBXFileReference; lastKnownFileType = sourcecode.swift; path = "API+DensityData.swift"; sourceTree = "<group>"; };
		F68E15082260113600AFA68E /* GridView.swift */ = {isa = PBXFileReference; lastKnownFileType = sourcecode.swift; path = GridView.swift; sourceTree = "<group>"; };
		F68E150A2260171400AFA68E /* UIView+Extensions.swift */ = {isa = PBXFileReference; lastKnownFileType = sourcecode.swift; path = "UIView+Extensions.swift"; sourceTree = "<group>"; };
		F68E15102260292400AFA68E /* DataProcessor.swift */ = {isa = PBXFileReference; lastKnownFileType = sourcecode.swift; path = DataProcessor.swift; sourceTree = "<group>"; };
		F68E15142260494800AFA68E /* DataProcessorTests.swift */ = {isa = PBXFileReference; lastKnownFileType = sourcecode.swift; path = DataProcessorTests.swift; sourceTree = "<group>"; };
/* End PBXFileReference section */

/* Begin PBXFrameworksBuildPhase section */
		F633A5E3225F4B4200A230BB /* Frameworks */ = {
			isa = PBXFrameworksBuildPhase;
			buildActionMask = 2147483647;
			files = (
				F624F12B225F6F4E00AFFEC0 /* DensityDataAPI.framework in Frameworks */,
			);
			runOnlyForDeploymentPostprocessing = 0;
		};
		F633A5F7225F4B4200A230BB /* Frameworks */ = {
			isa = PBXFrameworksBuildPhase;
			buildActionMask = 2147483647;
			files = (
				F68E151622604DEF00AFA68E /* DensityDataAPI.framework in Frameworks */,
			);
			runOnlyForDeploymentPostprocessing = 0;
		};
/* End PBXFrameworksBuildPhase section */

/* Begin PBXGroup section */
		F633A5DD225F4B4200A230BB = {
			isa = PBXGroup;
			children = (
				F633A609225F4BAE00A230BB /* README.md */,
				F633A5E8225F4B4200A230BB /* DensityData */,
				F633A5FD225F4B4200A230BB /* DensityDataTests */,
				F633A60B225F4CF800A230BB /* Frameworks */,
				F633A5E7225F4B4200A230BB /* Products */,
			);
			sourceTree = "<group>";
		};
		F633A5E7225F4B4200A230BB /* Products */ = {
			isa = PBXGroup;
			children = (
				F633A5E6225F4B4200A230BB /* DensityData.app */,
				F633A5FA225F4B4200A230BB /* DensityDataTests.xctest */,
			);
			name = Products;
			sourceTree = "<group>";
		};
		F633A5E8225F4B4200A230BB /* DensityData */ = {
			isa = PBXGroup;
			children = (
				F633A5F5225F4B4200A230BB /* Info.plist */,
				F633A5E9225F4B4200A230BB /* AppDelegate.swift */,
				F68E150D2260265300AFA68E /* Class */,
				F68E150C2260264300AFA68E /* UI */,
				F68E150F2260267C00AFA68E /* Resources */,
			);
			path = DensityData;
			sourceTree = "<group>";
		};
		F633A5FD225F4B4200A230BB /* DensityDataTests */ = {
			isa = PBXGroup;
			children = (
				F633A600225F4B4200A230BB /* Info.plist */,
				F68C07CE225F586D00B54F6A /* MockAPIClient.swift */,
				F633A5FE225F4B4200A230BB /* DataGridViewModelTests.swift */,
				F68E15142260494800AFA68E /* DataProcessorTests.swift */,
			);
			path = DensityDataTests;
			sourceTree = "<group>";
		};
		F633A60B225F4CF800A230BB /* Frameworks */ = {
			isa = PBXGroup;
			children = (
				F624F12A225F6F4E00AFFEC0 /* DensityDataAPI.framework */,
			);
			path = Frameworks;
			sourceTree = "<group>";
		};
		F68E150C2260264300AFA68E /* UI */ = {
			isa = PBXGroup;
			children = (
				F633A5EB225F4B4200A230BB /* ViewController.swift */,
				F68C07CA225F52AD00B54F6A /* DataGridViewModel.swift */,
				F68E15082260113600AFA68E /* GridView.swift */,
				F68E150A2260171400AFA68E /* UIView+Extensions.swift */,
			);
			path = UI;
			sourceTree = "<group>";
		};
		F68E150D2260265300AFA68E /* Class */ = {
			isa = PBXGroup;
			children = (
				F68C07CC225F535C00B54F6A /* API.swift */,
				F68E15062260080B00AFA68E /* API+DensityData.swift */,
				F68E15102260292400AFA68E /* DataProcessor.swift */,
			);
			path = Class;
			sourceTree = "<group>";
		};
		F68E150F2260267C00AFA68E /* Resources */ = {
			isa = PBXGroup;
			children = (
				F633A5F0225F4B4200A230BB /* Assets.xcassets */,
				F633A5F2225F4B4200A230BB /* LaunchScreen.storyboard */,
			);
			path = Resources;
			sourceTree = "<group>";
		};
/* End PBXGroup section */

/* Begin PBXNativeTarget section */
		F633A5E5225F4B4200A230BB /* DensityData */ = {
			isa = PBXNativeTarget;
			buildConfigurationList = F633A603225F4B4200A230BB /* Build configuration list for PBXNativeTarget "DensityData" */;
			buildPhases = (
				F633A5E2225F4B4200A230BB /* Sources */,
				F633A5E3225F4B4200A230BB /* Frameworks */,
				F633A5E4225F4B4200A230BB /* Resources */,
				F68C07D5225F6B0A00B54F6A /* Embed Frameworks */,
			);
			buildRules = (
			);
			dependencies = (
			);
			name = DensityData;
			productName = DensityData;
			productReference = F633A5E6225F4B4200A230BB /* DensityData.app */;
			productType = "com.apple.product-type.application";
		};
		F633A5F9225F4B4200A230BB /* DensityDataTests */ = {
			isa = PBXNativeTarget;
			buildConfigurationList = F633A606225F4B4200A230BB /* Build configuration list for PBXNativeTarget "DensityDataTests" */;
			buildPhases = (
				F633A5F6225F4B4200A230BB /* Sources */,
				F633A5F7225F4B4200A230BB /* Frameworks */,
				F633A5F8225F4B4200A230BB /* Resources */,
			);
			buildRules = (
			);
			dependencies = (
				F633A5FC225F4B4200A230BB /* PBXTargetDependency */,
			);
			name = DensityDataTests;
			productName = DensityDataTests;
			productReference = F633A5FA225F4B4200A230BB /* DensityDataTests.xctest */;
			productType = "com.apple.product-type.bundle.unit-test";
		};
/* End PBXNativeTarget section */

/* Begin PBXProject section */
		F633A5DE225F4B4200A230BB /* Project object */ = {
			isa = PBXProject;
			attributes = {
				LastSwiftUpdateCheck = 1020;
				LastUpgradeCheck = 1020;
				ORGANIZATIONNAME = cincas;
				TargetAttributes = {
					F633A5E5225F4B4200A230BB = {
						CreatedOnToolsVersion = 10.2;
					};
					F633A5F9225F4B4200A230BB = {
						CreatedOnToolsVersion = 10.2;
						TestTargetID = F633A5E5225F4B4200A230BB;
					};
				};
			};
			buildConfigurationList = F633A5E1225F4B4200A230BB /* Build configuration list for PBXProject "DensityData" */;
			compatibilityVersion = "Xcode 9.3";
			developmentRegion = en;
			hasScannedForEncodings = 0;
			knownRegions = (
				en,
				Base,
			);
			mainGroup = F633A5DD225F4B4200A230BB;
			productRefGroup = F633A5E7225F4B4200A230BB /* Products */;
			projectDirPath = "";
			projectRoot = "";
			targets = (
				F633A5E5225F4B4200A230BB /* DensityData */,
				F633A5F9225F4B4200A230BB /* DensityDataTests */,
			);
		};
/* End PBXProject section */

/* Begin PBXResourcesBuildPhase section */
		F633A5E4225F4B4200A230BB /* Resources */ = {
			isa = PBXResourcesBuildPhase;
			buildActionMask = 2147483647;
			files = (
				F633A60A225F4BAF00A230BB /* README.md in Resources */,
				F633A5F4225F4B4200A230BB /* LaunchScreen.storyboard in Resources */,
				F633A5F1225F4B4200A230BB /* Assets.xcassets in Resources */,
			);
			runOnlyForDeploymentPostprocessing = 0;
		};
		F633A5F8225F4B4200A230BB /* Resources */ = {
			isa = PBXResourcesBuildPhase;
			buildActionMask = 2147483647;
			files = (
			);
			runOnlyForDeploymentPostprocessing = 0;
		};
/* End PBXResourcesBuildPhase section */

/* Begin PBXSourcesBuildPhase section */
		F633A5E2225F4B4200A230BB /* Sources */ = {
			isa = PBXSourcesBuildPhase;
			buildActionMask = 2147483647;
			files = (
				F68E15112260292400AFA68E /* DataProcessor.swift in Sources */,
				F68E150B2260171400AFA68E /* UIView+Extensions.swift in Sources */,
				F68C07CB225F52AD00B54F6A /* DataGridViewModel.swift in Sources */,
				F633A5EC225F4B4200A230BB /* ViewController.swift in Sources */,
				F68E15072260080B00AFA68E /* API+DensityData.swift in Sources */,
				F68C07CD225F535C00B54F6A /* API.swift in Sources */,
				F68E15092260113600AFA68E /* GridView.swift in Sources */,
				F633A5EA225F4B4200A230BB /* AppDelegate.swift in Sources */,
			);
			runOnlyForDeploymentPostprocessing = 0;
		};
		F633A5F6225F4B4200A230BB /* Sources */ = {
			isa = PBXSourcesBuildPhase;
			buildActionMask = 2147483647;
			files = (
				F633A5FF225F4B4200A230BB /* DataGridViewModelTests.swift in Sources */,
				F68C07CF225F586D00B54F6A /* MockAPIClient.swift in Sources */,
				F68E15152260494800AFA68E /* DataProcessorTests.swift in Sources */,
			);
			runOnlyForDeploymentPostprocessing = 0;
		};
/* End PBXSourcesBuildPhase section */

/* Begin PBXTargetDependency section */
		F633A5FC225F4B4200A230BB /* PBXTargetDependency */ = {
			isa = PBXTargetDependency;
			target = F633A5E5225F4B4200A230BB /* DensityData */;
			targetProxy = F633A5FB225F4B4200A230BB /* PBXContainerItemProxy */;
		};
/* End PBXTargetDependency section */

/* Begin PBXVariantGroup section */
		F633A5F2225F4B4200A230BB /* LaunchScreen.storyboard */ = {
			isa = PBXVariantGroup;
			children = (
				F633A5F3225F4B4200A230BB /* Base */,
			);
			name = LaunchScreen.storyboard;
			sourceTree = "<group>";
		};
/* End PBXVariantGroup section */

/* Begin XCBuildConfiguration section */
		F633A601225F4B4200A230BB /* Debug */ = {
			isa = XCBuildConfiguration;
			buildSettings = {
				ALWAYS_SEARCH_USER_PATHS = NO;
				CLANG_ANALYZER_NONNULL = YES;
				CLANG_ANALYZER_NUMBER_OBJECT_CONVERSION = YES_AGGRESSIVE;
				CLANG_CXX_LANGUAGE_STANDARD = "gnu++14";
				CLANG_CXX_LIBRARY = "libc++";
				CLANG_ENABLE_MODULES = YES;
				CLANG_ENABLE_OBJC_ARC = YES;
				CLANG_ENABLE_OBJC_WEAK = YES;
				CLANG_WARN_BLOCK_CAPTURE_AUTORELEASING = YES;
				CLANG_WARN_BOOL_CONVERSION = YES;
				CLANG_WARN_COMMA = YES;
				CLANG_WARN_CONSTANT_CONVERSION = YES;
				CLANG_WARN_DEPRECATED_OBJC_IMPLEMENTATIONS = YES;
				CLANG_WARN_DIRECT_OBJC_ISA_USAGE = YES_ERROR;
				CLANG_WARN_DOCUMENTATION_COMMENTS = YES;
				CLANG_WARN_EMPTY_BODY = YES;
				CLANG_WARN_ENUM_CONVERSION = YES;
				CLANG_WARN_INFINITE_RECURSION = YES;
				CLANG_WARN_INT_CONVERSION = YES;
				CLANG_WARN_NON_LITERAL_NULL_CONVERSION = YES;
				CLANG_WARN_OBJC_IMPLICIT_RETAIN_SELF = YES;
				CLANG_WARN_OBJC_LITERAL_CONVERSION = YES;
				CLANG_WARN_OBJC_ROOT_CLASS = YES_ERROR;
				CLANG_WARN_RANGE_LOOP_ANALYSIS = YES;
				CLANG_WARN_STRICT_PROTOTYPES = YES;
				CLANG_WARN_SUSPICIOUS_MOVE = YES;
				CLANG_WARN_UNGUARDED_AVAILABILITY = YES_AGGRESSIVE;
				CLANG_WARN_UNREACHABLE_CODE = YES;
				CLANG_WARN__DUPLICATE_METHOD_MATCH = YES;
				CODE_SIGN_IDENTITY = "iPhone Developer";
				COPY_PHASE_STRIP = NO;
				DEBUG_INFORMATION_FORMAT = dwarf;
				ENABLE_STRICT_OBJC_MSGSEND = YES;
				ENABLE_TESTABILITY = YES;
				GCC_C_LANGUAGE_STANDARD = gnu11;
				GCC_DYNAMIC_NO_PIC = NO;
				GCC_NO_COMMON_BLOCKS = YES;
				GCC_OPTIMIZATION_LEVEL = 0;
				GCC_PREPROCESSOR_DEFINITIONS = (
					"DEBUG=1",
					"$(inherited)",
				);
				GCC_WARN_64_TO_32_BIT_CONVERSION = YES;
				GCC_WARN_ABOUT_RETURN_TYPE = YES_ERROR;
				GCC_WARN_UNDECLARED_SELECTOR = YES;
				GCC_WARN_UNINITIALIZED_AUTOS = YES_AGGRESSIVE;
				GCC_WARN_UNUSED_FUNCTION = YES;
				GCC_WARN_UNUSED_VARIABLE = YES;
				IPHONEOS_DEPLOYMENT_TARGET = 12.2;
				MTL_ENABLE_DEBUG_INFO = INCLUDE_SOURCE;
				MTL_FAST_MATH = YES;
				ONLY_ACTIVE_ARCH = YES;
				SDKROOT = iphoneos;
				SWIFT_ACTIVE_COMPILATION_CONDITIONS = DEBUG;
				SWIFT_OPTIMIZATION_LEVEL = "-Onone";
				SWIFT_VERSION = "";
			};
			name = Debug;
		};
		F633A602225F4B4200A230BB /* Release */ = {
			isa = XCBuildConfiguration;
			buildSettings = {
				ALWAYS_SEARCH_USER_PATHS = NO;
				CLANG_ANALYZER_NONNULL = YES;
				CLANG_ANALYZER_NUMBER_OBJECT_CONVERSION = YES_AGGRESSIVE;
				CLANG_CXX_LANGUAGE_STANDARD = "gnu++14";
				CLANG_CXX_LIBRARY = "libc++";
				CLANG_ENABLE_MODULES = YES;
				CLANG_ENABLE_OBJC_ARC = YES;
				CLANG_ENABLE_OBJC_WEAK = YES;
				CLANG_WARN_BLOCK_CAPTURE_AUTORELEASING = YES;
				CLANG_WARN_BOOL_CONVERSION = YES;
				CLANG_WARN_COMMA = YES;
				CLANG_WARN_CONSTANT_CONVERSION = YES;
				CLANG_WARN_DEPRECATED_OBJC_IMPLEMENTATIONS = YES;
				CLANG_WARN_DIRECT_OBJC_ISA_USAGE = YES_ERROR;
				CLANG_WARN_DOCUMENTATION_COMMENTS = YES;
				CLANG_WARN_EMPTY_BODY = YES;
				CLANG_WARN_ENUM_CONVERSION = YES;
				CLANG_WARN_INFINITE_RECURSION = YES;
				CLANG_WARN_INT_CONVERSION = YES;
				CLANG_WARN_NON_LITERAL_NULL_CONVERSION = YES;
				CLANG_WARN_OBJC_IMPLICIT_RETAIN_SELF = YES;
				CLANG_WARN_OBJC_LITERAL_CONVERSION = YES;
				CLANG_WARN_OBJC_ROOT_CLASS = YES_ERROR;
				CLANG_WARN_RANGE_LOOP_ANALYSIS = YES;
				CLANG_WARN_STRICT_PROTOTYPES = YES;
				CLANG_WARN_SUSPICIOUS_MOVE = YES;
				CLANG_WARN_UNGUARDED_AVAILABILITY = YES_AGGRESSIVE;
				CLANG_WARN_UNREACHABLE_CODE = YES;
				CLANG_WARN__DUPLICATE_METHOD_MATCH = YES;
				CODE_SIGN_IDENTITY = "iPhone Developer";
				COPY_PHASE_STRIP = NO;
				DEBUG_INFORMATION_FORMAT = "dwarf-with-dsym";
				ENABLE_NS_ASSERTIONS = NO;
				ENABLE_STRICT_OBJC_MSGSEND = YES;
				GCC_C_LANGUAGE_STANDARD = gnu11;
				GCC_NO_COMMON_BLOCKS = YES;
				GCC_WARN_64_TO_32_BIT_CONVERSION = YES;
				GCC_WARN_ABOUT_RETURN_TYPE = YES_ERROR;
				GCC_WARN_UNDECLARED_SELECTOR = YES;
				GCC_WARN_UNINITIALIZED_AUTOS = YES_AGGRESSIVE;
				GCC_WARN_UNUSED_FUNCTION = YES;
				GCC_WARN_UNUSED_VARIABLE = YES;
				IPHONEOS_DEPLOYMENT_TARGET = 12.2;
				MTL_ENABLE_DEBUG_INFO = NO;
				MTL_FAST_MATH = YES;
				SDKROOT = iphoneos;
				SWIFT_COMPILATION_MODE = wholemodule;
				SWIFT_OPTIMIZATION_LEVEL = "-O";
				SWIFT_VERSION = "";
				VALIDATE_PRODUCT = YES;
			};
			name = Release;
		};
		F633A604225F4B4200A230BB /* Debug */ = {
			isa = XCBuildConfiguration;
			buildSettings = {
				ALWAYS_EMBED_SWIFT_STANDARD_LIBRARIES = YES;
				ASSETCATALOG_COMPILER_APPICON_NAME = AppIcon;
				CODE_SIGN_STYLE = Automatic;
				DEVELOPMENT_TEAM = 6APHY676XK;
				ENABLE_BITCODE = YES;
				FRAMEWORK_SEARCH_PATHS = (
					"$(inherited)",
					"$(PROJECT_DIR)/Frameworks",
				);
				INFOPLIST_FILE = DensityData/Info.plist;
				IPHONEOS_DEPLOYMENT_TARGET = 12.1;
				LD_RUNPATH_SEARCH_PATHS = (
					"$(inherited)",
					"@executable_path/Frameworks",
				);
				PRODUCT_BUNDLE_IDENTIFIER = com.cincas.densitydata;
				PRODUCT_NAME = "$(TARGET_NAME)";
				SWIFT_VERSION = 4.2;
				TARGETED_DEVICE_FAMILY = "1,2";
			};
			name = Debug;
		};
		F633A605225F4B4200A230BB /* Release */ = {
			isa = XCBuildConfiguration;
			buildSettings = {
				ALWAYS_EMBED_SWIFT_STANDARD_LIBRARIES = YES;
				ASSETCATALOG_COMPILER_APPICON_NAME = AppIcon;
				CODE_SIGN_STYLE = Automatic;
				DEVELOPMENT_TEAM = 6APHY676XK;
				ENABLE_BITCODE = YES;
				FRAMEWORK_SEARCH_PATHS = (
					"$(inherited)",
					"$(PROJECT_DIR)/Frameworks",
				);
				INFOPLIST_FILE = DensityData/Info.plist;
				IPHONEOS_DEPLOYMENT_TARGET = 12.1;
				LD_RUNPATH_SEARCH_PATHS = (
					"$(inherited)",
					"@executable_path/Frameworks",
				);
				PRODUCT_BUNDLE_IDENTIFIER = com.cincas.densitydata;
				PRODUCT_NAME = "$(TARGET_NAME)";
				SWIFT_VERSION = 4.2;
				TARGETED_DEVICE_FAMILY = "1,2";
			};
			name = Release;
		};
		F633A607225F4B4200A230BB /* Debug */ = {
			isa = XCBuildConfiguration;
			buildSettings = {
				ALWAYS_EMBED_SWIFT_STANDARD_LIBRARIES = YES;
				BUNDLE_LOADER = "$(TEST_HOST)";
				CODE_SIGN_STYLE = Automatic;
				DEVELOPMENT_TEAM = 6APHY676XK;
				ENABLE_BITCODE = YES;
				FRAMEWORK_SEARCH_PATHS = (
					"$(inherited)",
					"$(PROJECT_DIR)/Frameworks",
				);
				INFOPLIST_FILE = DensityDataTests/Info.plist;
				IPHONEOS_DEPLOYMENT_TARGET = 12.1;
				LD_RUNPATH_SEARCH_PATHS = (
					"$(inherited)",
					"@executable_path/Frameworks",
					"@loader_path/Frameworks",
				);
				PRODUCT_BUNDLE_IDENTIFIER = com.cincas.DensityDataTests;
				PRODUCT_NAME = "$(TARGET_NAME)";
				SWIFT_VERSION = 4.2;
				TARGETED_DEVICE_FAMILY = "1,2";
				TEST_HOST = "$(BUILT_PRODUCTS_DIR)/DensityData.app/DensityData";
			};
			name = Debug;
		};
		F633A608225F4B4200A230BB /* Release */ = {
			isa = XCBuildConfiguration;
			buildSettings = {
				ALWAYS_EMBED_SWIFT_STANDARD_LIBRARIES = YES;
				BUNDLE_LOADER = "$(TEST_HOST)";
				CODE_SIGN_STYLE = Automatic;
				DEVELOPMENT_TEAM = 6APHY676XK;
				ENABLE_BITCODE = YES;
				FRAMEWORK_SEARCH_PATHS = (
					"$(inherited)",
					"$(PROJECT_DIR)/Frameworks",
				);
				INFOPLIST_FILE = DensityDataTests/Info.plist;
				IPHONEOS_DEPLOYMENT_TARGET = 12.1;
				LD_RUNPATH_SEARCH_PATHS = (
					"$(inherited)",
					"@executable_path/Frameworks",
					"@loader_path/Frameworks",
				);
				PRODUCT_BUNDLE_IDENTIFIER = com.cincas.DensityDataTests;
				PRODUCT_NAME = "$(TARGET_NAME)";
				SWIFT_VERSION = 4.2;
				TARGETED_DEVICE_FAMILY = "1,2";
				TEST_HOST = "$(BUILT_PRODUCTS_DIR)/DensityData.app/DensityData";
			};
			name = Release;
		};
/* End XCBuildConfiguration section */

/* Begin XCConfigurationList section */
		F633A5E1225F4B4200A230BB /* Build configuration list for PBXProject "DensityData" */ = {
			isa = XCConfigurationList;
			buildConfigurations = (
				F633A601225F4B4200A230BB /* Debug */,
				F633A602225F4B4200A230BB /* Release */,
			);
			defaultConfigurationIsVisible = 0;
			defaultConfigurationName = Release;
		};
		F633A603225F4B4200A230BB /* Build configuration list for PBXNativeTarget "DensityData" */ = {
			isa = XCConfigurationList;
			buildConfigurations = (
				F633A604225F4B4200A230BB /* Debug */,
				F633A605225F4B4200A230BB /* Release */,
			);
			defaultConfigurationIsVisible = 0;
			defaultConfigurationName = Release;
		};
		F633A606225F4B4200A230BB /* Build configuration list for PBXNativeTarget "DensityDataTests" */ = {
			isa = XCConfigurationList;
			buildConfigurations = (
				F633A607225F4B4200A230BB /* Debug */,
				F633A608225F4B4200A230BB /* Release */,
			);
			defaultConfigurationIsVisible = 0;
			defaultConfigurationName = Release;
		};
/* End XCConfigurationList section */
	};
	rootObject = F633A5DE225F4B4200A230BB /* Project object */;
}
